
Microsoft Visual Studio Solution File, Format Version 12.00
# Visual Studio Version 16
VisualStudioVersion = 16.0.31025.194
MinimumVisualStudioVersion = 10.0.40219.1
Project("{FAE04EC0-301F-11D3-BF4B-00C04F79EFBC}") = "ConsoleAppinteraktywnie", "ConsoleAppinteraktywnie\ConsoleAppinteraktywnie.csproj", "{F9CC62D9-8C67-4248-B693-5D17FB4EEE59}"
EndProject
Global
	GlobalSection(SolutionConfigurationPlatforms) = preSolution
		Debug|Any CPU = Debug|Any CPU
		Release|Any CPU = Release|Any CPU
	EndGlobalSection
	GlobalSection(ProjectConfigurationPlatforms) = postSolution
		{F9CC62D9-8C67-4248-B693-5D17FB4EEE59}.Debug|Any CPU.ActiveCfg = Debug|Any CPU
		{F9CC62D9-8C67-4248-B693-5D17FB4EEE59}.Debug|Any CPU.Build.0 = Debug|Any CPU
		{F9CC62D9-8C67-4248-B693-5D17FB4EEE59}.Release|Any CPU.ActiveCfg = Release|Any CPU
		{F9CC62D9-8C67-4248-B693-5D17FB4EEE59}.Release|Any CPU.Build.0 = Release|Any CPU
	EndGlobalSection
	GlobalSection(SolutionProperties) = preSolution
		HideSolutionNode = FALSE
	EndGlobalSection
	GlobalSection(ExtensibilityGlobals) = postSolution
		SolutionGuid = {AB849754-4B90-485F-949E-363BACEC26F8}
	EndGlobalSection
EndGlobal
